<?xml version="1.0" encoding="utf-8"?>
<Project ToolsVersion="4.0" xmlns="http://schemas.microsoft.com/developer/msbuild/2003">
  <ItemGroup>
    <Filter Include="Base">
      <UniqueIdentifier>{1806d3d6-7048-44ad-91dd-63558e76de99}</UniqueIdentifier>
    </Filter>
    <Filter Include="Include">
      <UniqueIdentifier>{bb10681e-1272-44aa-99ea-c9b09ee4582d}</UniqueIdentifier>
    </Filter>
    <Filter Include="Singleton">
      <UniqueIdentifier>{60cdaf74-e335-4422-8900-81d1a1ec69fb}</UniqueIdentifier>
    </Filter>
    <Filter Include="Singleton\GraphicDevice">
      <UniqueIdentifier>{560c83fa-afa9-4703-abca-938d08b9c5e3}</UniqueIdentifier>
    </Filter>
    <Filter Include="Singleton\GameInstance">
      <UniqueIdentifier>{9c62808c-dca4-4fe8-8567-80682c7923bb}</UniqueIdentifier>
    </Filter>
    <Filter Include="Singleton\InputDevice">
      <UniqueIdentifier>{1169d306-2150-4594-9c6e-e7c712044fb3}</UniqueIdentifier>
    </Filter>
    <Filter Include="Singleton\LevelDesign">
      <UniqueIdentifier>{e13ff98c-d7a1-4ad3-9885-a48c95c740ca}</UniqueIdentifier>
    </Filter>
    <Filter Include="Singleton\LevelDesign\Level">
      <UniqueIdentifier>{80dcbfa0-f592-4354-8312-f7ea540528ee}</UniqueIdentifier>
    </Filter>
    <Filter Include="Singleton\ObjectManager">
      <UniqueIdentifier>{143c8e6c-46cb-4bac-a98c-e57414c6aa2d}</UniqueIdentifier>
    </Filter>
    <Filter Include="Singleton\ObjectManager\Layer">
      <UniqueIdentifier>{7c64af3c-dd43-4e5a-be60-83d38fb6a651}</UniqueIdentifier>
    </Filter>
    <Filter Include="Singleton\ObjectManager\GameObject">
      <UniqueIdentifier>{78d51806-76b3-4849-8e79-aa32a48036f3}</UniqueIdentifier>
    </Filter>
    <Filter Include="Singleton\ComponentManager">
      <UniqueIdentifier>{0ba4e92b-c705-4fc7-8b8b-117be075d93d}</UniqueIdentifier>
    </Filter>
    <Filter Include="Singleton\ComponentManager\Component">
      <UniqueIdentifier>{f12b8635-470b-4a87-aaf6-15d32f016907}</UniqueIdentifier>
    </Filter>
    <Filter Include="Singleton\ComponentManager\Component\Renderer">
      <UniqueIdentifier>{0e7d3128-ba52-4d90-8787-325162ac45ab}</UniqueIdentifier>
    </Filter>
    <Filter Include="Singleton\ComponentManager\Component\VIBuffer">
      <UniqueIdentifier>{2df07d15-7ac5-4ca2-a670-851cb9148edf}</UniqueIdentifier>
    </Filter>
    <Filter Include="Singleton\ComponentManager\Component\VIBuffer\Rect">
      <UniqueIdentifier>{38d93961-aa53-4c58-b0d8-4d1dcf1e7800}</UniqueIdentifier>
    </Filter>
    <Filter Include="Singleton\ComponentManager\Component\Shader">
      <UniqueIdentifier>{1281dfc4-454c-4f10-9104-529e7ddc05aa}</UniqueIdentifier>
    </Filter>
    <Filter Include="Singleton\ComponentManager\Component\VIBuffer\Cube">
      <UniqueIdentifier>{ccbc1d4d-e02d-4dab-887d-4362b9093e51}</UniqueIdentifier>
    </Filter>
    <Filter Include="Singleton\ComponentManager\Component\VIBuffer\Sphere">
      <UniqueIdentifier>{8ab12dfd-fa44-4fb9-9780-5450ff980f9c}</UniqueIdentifier>
    </Filter>
    <Filter Include="Singleton\ComponentManager\Component\Transform">
      <UniqueIdentifier>{7414cf25-1d73-4192-a8b6-7dcf0a559b7b}</UniqueIdentifier>
    </Filter>
    <Filter Include="Camera">
      <UniqueIdentifier>{b2065ae8-7a55-4b1a-a09e-7812f72de619}</UniqueIdentifier>
    </Filter>
    <Filter Include="PipeLine">
      <UniqueIdentifier>{1adb3b8f-ded3-4944-8d2a-d68b08e37157}</UniqueIdentifier>
    </Filter>
    <Filter Include="Util">
      <UniqueIdentifier>{cb14254d-ef3b-47bc-85fc-37a91873c777}</UniqueIdentifier>
    </Filter>
    <Filter Include="Singleton\ComponentManager\Component\Texture">
      <UniqueIdentifier>{ed38da8e-262d-4be0-96fd-8c77af7a0201}</UniqueIdentifier>
    </Filter>
    <Filter Include="Singleton\ComponentManager\Component\RigidBody">
      <UniqueIdentifier>{75a1b689-298e-40e0-958f-2246d487e13a}</UniqueIdentifier>
    </Filter>
    <Filter Include="Singleton\ComponentManager\Component\VIBuffer\Terrain">
      <UniqueIdentifier>{af3ddb2b-26bd-4f12-95f5-4b4ca2d0a487}</UniqueIdentifier>
    </Filter>
    <Filter Include="Singleton\ComponentManager\Component\VIBuffer\Cylinder">
      <UniqueIdentifier>{4e16ef3c-d8de-4f8c-8e5c-456d46f64fa7}</UniqueIdentifier>
    </Filter>
    <Filter Include="Singleton\ComponentManager\Component\FSM">
      <UniqueIdentifier>{31fe7843-dee4-49f9-a3e7-a1d940d34c06}</UniqueIdentifier>
    </Filter>
    <Filter Include="Singleton\Timer">
      <UniqueIdentifier>{aa5d968f-23d5-44ab-ac81-4debd64e3d98}</UniqueIdentifier>
    </Filter>
    <Filter Include="Singleton\Timer\TimerManager">
      <UniqueIdentifier>{283bfeeb-77f7-463c-b8fb-8e032c906341}</UniqueIdentifier>
    </Filter>
    <Filter Include="Singleton\Light">
      <UniqueIdentifier>{f07815f8-b9c4-46a2-a650-8f54c824f018}</UniqueIdentifier>
    </Filter>
    <Filter Include="Singleton\Light\Manager">
      <UniqueIdentifier>{455ad440-c619-4554-971f-9bcfc4f193bb}</UniqueIdentifier>
    </Filter>
    <Filter Include="Singleton\ImGui">
      <UniqueIdentifier>{8757eaff-3916-4b3a-8ab2-388195e427db}</UniqueIdentifier>
    </Filter>
    <Filter Include="Singleton\ImGui\ImGui">
      <UniqueIdentifier>{df975b80-2ca5-4832-921e-aecd48eb822f}</UniqueIdentifier>
    </Filter>
    <Filter Include="Singleton\ImGui\Manager">
      <UniqueIdentifier>{120676be-0645-46d9-ab32-105380ee8d2a}</UniqueIdentifier>
    </Filter>
    <Filter Include="Singleton\ImGui\ImGuiObj">
      <UniqueIdentifier>{1903e1db-c382-47c5-b84d-5d3bdfcdf8d4}</UniqueIdentifier>
    </Filter>
    <Filter Include="Singleton\Font">
      <UniqueIdentifier>{4dd135f3-0e70-46bd-98cb-722d16638d9e}</UniqueIdentifier>
    </Filter>
    <Filter Include="Singleton\Font\FonatManager">
      <UniqueIdentifier>{7a4716b0-857b-4907-951f-396a3b377f84}</UniqueIdentifier>
    </Filter>
    <Filter Include="Singleton\ComponentManager\Component\Model">
      <UniqueIdentifier>{8e50ba26-ff5c-44d6-b242-d845c07c5aca}</UniqueIdentifier>
    </Filter>
    <Filter Include="Singleton\ComponentManager\Component\Behavior_Tree">
      <UniqueIdentifier>{52b2a47f-7d19-41a5-80ca-5839ed6e26b9}</UniqueIdentifier>
    </Filter>
    <Filter Include="Singleton\ComponentManager\Component\Model\Mesh">
      <UniqueIdentifier>{9c0ab980-3004-4c34-aa65-5b0fa6d2c6b9}</UniqueIdentifier>
    </Filter>
    <Filter Include="Singleton\ComponentManager\Component\Model\Animation">
      <UniqueIdentifier>{34320099-88fe-479a-9d8e-b4f004ac0267}</UniqueIdentifier>
    </Filter>
    <Filter Include="Singleton\ComponentManager\Component\Model\Bone">
      <UniqueIdentifier>{d3139f90-fad6-428b-be99-8c6f40f1589d}</UniqueIdentifier>
    </Filter>
    <Filter Include="Singleton\ComponentManager\Component\Model\Channel">
      <UniqueIdentifier>{7521b1ff-ffe0-463a-b5b5-92296e900c34}</UniqueIdentifier>
    </Filter>
    <Filter Include="Singleton\ComponentManager\Component\Collision">
      <UniqueIdentifier>{3c6ff827-342f-41ea-b0dc-55fe818230e9}</UniqueIdentifier>
    </Filter>
  </ItemGroup>
  <ItemGroup>
    <ClInclude Include="..\Public\Base.h">
      <Filter>Base</Filter>
    </ClInclude>
    <ClInclude Include="..\Public\Engine_Struct.h">
      <Filter>Include</Filter>
    </ClInclude>
    <ClInclude Include="..\Public\Engine_Define.h">
      <Filter>Include</Filter>
    </ClInclude>
    <ClInclude Include="..\Public\Engine_Macro.h">
      <Filter>Include</Filter>
    </ClInclude>
    <ClInclude Include="..\Public\Engine_Typedef.h">
      <Filter>Include</Filter>
    </ClInclude>
    <ClInclude Include="..\Public\Engine_Function.h">
      <Filter>Include</Filter>
    </ClInclude>
    <ClInclude Include="..\Public\GameInstance.h">
      <Filter>Singleton\GameInstance</Filter>
    </ClInclude>
    <ClInclude Include="..\Public\Graphic_Device.h">
      <Filter>Singleton\GraphicDevice</Filter>
    </ClInclude>
    <ClInclude Include="..\Public\Input_Device.h">
      <Filter>Singleton\InputDevice</Filter>
    </ClInclude>
    <ClInclude Include="..\Public\Level_Manager.h">
      <Filter>Singleton\LevelDesign</Filter>
    </ClInclude>
    <ClInclude Include="..\Public\Level.h">
      <Filter>Singleton\LevelDesign\Level</Filter>
    </ClInclude>
    <ClInclude Include="..\Public\Object_Manager.h">
      <Filter>Singleton\ObjectManager</Filter>
    </ClInclude>
    <ClInclude Include="..\Public\GameObject.h">
      <Filter>Singleton\ObjectManager\GameObject</Filter>
    </ClInclude>
    <ClInclude Include="..\Public\Layer.h">
      <Filter>Singleton\ObjectManager\Layer</Filter>
    </ClInclude>
    <ClInclude Include="..\Public\Component.h">
      <Filter>Singleton\ComponentManager\Component</Filter>
    </ClInclude>
    <ClInclude Include="..\Public\Renderer.h">
      <Filter>Singleton\ComponentManager\Component\Renderer</Filter>
    </ClInclude>
    <ClInclude Include="..\Public\Component_Manager.h">
      <Filter>Singleton\ComponentManager</Filter>
    </ClInclude>
    <ClInclude Include="..\Public\VIBuffer.h">
      <Filter>Singleton\ComponentManager\Component\VIBuffer</Filter>
    </ClInclude>
    <ClInclude Include="..\Public\VIBuffer_Rect.h">
      <Filter>Singleton\ComponentManager\Component\VIBuffer\Rect</Filter>
    </ClInclude>
    <ClInclude Include="..\public\Shader.h">
      <Filter>Singleton\ComponentManager\Component\Shader</Filter>
    </ClInclude>
    <ClInclude Include="..\public\ImGui_Manager.h">
      <Filter>Singleton\ImGui\Manager</Filter>
    </ClInclude>
    <ClInclude Include="..\public\VIBuffer_Cube.h">
      <Filter>Singleton\ComponentManager\Component\VIBuffer\Cube</Filter>
    </ClInclude>
    <ClInclude Include="..\public\VIBuffer_Sphere.h">
      <Filter>Singleton\ComponentManager\Component\VIBuffer\Sphere</Filter>
    </ClInclude>
    <ClInclude Include="..\public\PipeLine.h">
      <Filter>PipeLine</Filter>
    </ClInclude>
    <ClInclude Include="..\Public\Transform.h">
      <Filter>Singleton\ComponentManager\Component\Transform</Filter>
    </ClInclude>
    <ClInclude Include="..\public\Camera.h">
      <Filter>Camera</Filter>
    </ClInclude>
    <ClInclude Include="..\public\GameUtils.h">
      <Filter>Util</Filter>
    </ClInclude>
    <ClInclude Include="..\public\ImGuiObject.h">
      <Filter>Singleton\ImGui\ImGuiObj</Filter>
    </ClInclude>
    <ClInclude Include="..\public\ImGui_PropertyEditor.h">
      <Filter>Singleton\ImGui\ImGuiObj</Filter>
    </ClInclude>
    <ClInclude Include="..\Public\ImGui\dirent.h">
      <Filter>Singleton\ImGui\ImGui</Filter>
    </ClInclude>
    <ClInclude Include="..\Public\ImGui\GraphEditor.h">
      <Filter>Singleton\ImGui\ImGui</Filter>
    </ClInclude>
    <ClInclude Include="..\Public\ImGui\imconfig.h">
      <Filter>Singleton\ImGui\ImGui</Filter>
    </ClInclude>
    <ClInclude Include="..\Public\ImGui\ImCurveEdit.h">
      <Filter>Singleton\ImGui\ImGui</Filter>
    </ClInclude>
    <ClInclude Include="..\Public\ImGui\ImGradient.h">
      <Filter>Singleton\ImGui\ImGui</Filter>
    </ClInclude>
    <ClInclude Include="..\Public\ImGui\imgui.h">
      <Filter>Singleton\ImGui\ImGui</Filter>
    </ClInclude>
    <ClInclude Include="..\Public\ImGui\imgui_impl_dx11.h">
      <Filter>Singleton\ImGui\ImGui</Filter>
    </ClInclude>
    <ClInclude Include="..\Public\ImGui\imgui_impl_win32.h">
      <Filter>Singleton\ImGui\ImGui</Filter>
    </ClInclude>
    <ClInclude Include="..\Public\ImGui\imgui_internal.h">
      <Filter>Singleton\ImGui\ImGui</Filter>
    </ClInclude>
    <ClInclude Include="..\Public\ImGui\ImGuiFileDialog.h">
      <Filter>Singleton\ImGui\ImGui</Filter>
    </ClInclude>
    <ClInclude Include="..\Public\ImGui\ImGuiFileDialogConfig.h">
      <Filter>Singleton\ImGui\ImGui</Filter>
    </ClInclude>
    <ClInclude Include="..\Public\ImGui\ImGuizmo.h">
      <Filter>Singleton\ImGui\ImGui</Filter>
    </ClInclude>
    <ClInclude Include="..\Public\ImGui\ImSequencer.h">
      <Filter>Singleton\ImGui\ImGui</Filter>
    </ClInclude>
    <ClInclude Include="..\Public\ImGui\imstb_rectpack.h">
      <Filter>Singleton\ImGui\ImGui</Filter>
    </ClInclude>
    <ClInclude Include="..\Public\ImGui\imstb_textedit.h">
      <Filter>Singleton\ImGui\ImGui</Filter>
    </ClInclude>
    <ClInclude Include="..\Public\ImGui\imstb_truetype.h">
      <Filter>Singleton\ImGui\ImGui</Filter>
    </ClInclude>
    <ClInclude Include="..\Public\ImGui\ImZoomSlider.h">
      <Filter>Singleton\ImGui\ImGui</Filter>
    </ClInclude>
    <ClInclude Include="..\public\MathUtils.h">
      <Filter>Util</Filter>
    </ClInclude>
    <ClInclude Include="..\Public\DirectXTK\SimpleMath.h">
      <Filter>Util</Filter>
    </ClInclude>
    <ClInclude Include="..\public\Texture.h">
      <Filter>Singleton\ComponentManager\Component\Texture</Filter>
    </ClInclude>
    <ClInclude Include="..\public\RigidBody.h">
      <Filter>Singleton\ComponentManager\Component\RigidBody</Filter>
    </ClInclude>
    <ClInclude Include="..\public\VIBuffer_Terrain.h">
      <Filter>Singleton\ComponentManager\Component\VIBuffer\Terrain</Filter>
    </ClInclude>
    <ClInclude Include="..\public\Timer.h">
      <Filter>Singleton\Timer</Filter>
    </ClInclude>
    <ClInclude Include="..\public\CustomFont.h">
      <Filter>Singleton\Font</Filter>
    </ClInclude>
    <ClInclude Include="..\public\Timer_Manager.h">
      <Filter>Singleton\Timer\TimerManager</Filter>
    </ClInclude>
    <ClInclude Include="..\public\Font_Manager.h">
      <Filter>Singleton\Font\FonatManager</Filter>
    </ClInclude>
    <ClInclude Include="..\public\VIBuffer_Cylinder.h">
      <Filter>Singleton\ComponentManager\Component\VIBuffer\Cylinder</Filter>
    </ClInclude>
    <ClInclude Include="..\Public\Light.h">
      <Filter>Singleton\Light</Filter>
    </ClInclude>
    <ClInclude Include="..\Public\Light_Manager.h">
      <Filter>Singleton\Light\Manager</Filter>
    </ClInclude>
    <ClInclude Include="..\public\FSMComponent.h">
      <Filter>Singleton\ComponentManager\Component\FSM</Filter>
    </ClInclude>
    <ClInclude Include="..\public\Model.h">
      <Filter>Singleton\ComponentManager\Component\Model</Filter>
    </ClInclude>
    <ClInclude Include="..\public\Mesh.h">
      <Filter>Singleton\ComponentManager\Component\Model\Mesh</Filter>
    </ClInclude>
    <ClInclude Include="..\public\Bone.h">
      <Filter>Singleton\ComponentManager\Component\Model\Bone</Filter>
    </ClInclude>
    <ClInclude Include="..\public\Animation.h">
      <Filter>Singleton\ComponentManager\Component\Model\Animation</Filter>
    </ClInclude>
    <ClInclude Include="..\public\ImGui_ProtoEditor.h">
      <Filter>Singleton\ImGui\ImGuiObj</Filter>
    </ClInclude>
    <ClInclude Include="..\public\Channel.h">
      <Filter>Singleton\ComponentManager\Component\Model\Channel</Filter>
    </ClInclude>
    <ClInclude Include="..\public\Collider.h">
      <Filter>Singleton\ComponentManager\Component\Collision</Filter>
    </ClInclude>
    <ClInclude Include="..\Public\DebugDraw.h">
      <Filter>Singleton\ComponentManager\Component\Collision</Filter>
    </ClInclude>
  </ItemGroup>
  <ItemGroup>
    <ClCompile Include="..\Private\Base.cpp">
      <Filter>Base</Filter>
    </ClCompile>
    <ClCompile Include="..\Private\GameInstance.cpp">
      <Filter>Singleton\GameInstance</Filter>
    </ClCompile>
    <ClCompile Include="..\Private\Graphic_Device.cpp">
      <Filter>Singleton\GraphicDevice</Filter>
    </ClCompile>
    <ClCompile Include="..\Private\Input_Device.cpp">
      <Filter>Singleton\InputDevice</Filter>
    </ClCompile>
    <ClCompile Include="..\Private\Level_Manager.cpp">
      <Filter>Singleton\LevelDesign</Filter>
    </ClCompile>
    <ClCompile Include="..\Private\Level.cpp">
      <Filter>Singleton\LevelDesign\Level</Filter>
    </ClCompile>
    <ClCompile Include="..\Private\Object_Manager.cpp">
      <Filter>Singleton\ObjectManager</Filter>
    </ClCompile>
    <ClCompile Include="..\Private\GameObject.cpp">
      <Filter>Singleton\ObjectManager\GameObject</Filter>
    </ClCompile>
    <ClCompile Include="..\Private\Layer.cpp">
      <Filter>Singleton\ObjectManager\Layer</Filter>
    </ClCompile>
    <ClCompile Include="..\Private\Component.cpp">
      <Filter>Singleton\ComponentManager\Component</Filter>
    </ClCompile>
    <ClCompile Include="..\Private\Renderer.cpp">
      <Filter>Singleton\ComponentManager\Component\Renderer</Filter>
    </ClCompile>
    <ClCompile Include="..\Private\Component_Manager.cpp">
      <Filter>Singleton\ComponentManager</Filter>
    </ClCompile>
    <ClCompile Include="..\Private\VIBuffer.cpp">
      <Filter>Singleton\ComponentManager\Component\VIBuffer</Filter>
    </ClCompile>
    <ClCompile Include="..\Private\VIBuffer_Rect.cpp">
      <Filter>Singleton\ComponentManager\Component\VIBuffer\Rect</Filter>
    </ClCompile>
    <ClCompile Include="..\private\Shader.cpp">
      <Filter>Singleton\ComponentManager\Component\Shader</Filter>
    </ClCompile>
    <ClCompile Include="..\Private\Engine_Struct.cpp">
      <Filter>Include</Filter>
    </ClCompile>
    <ClCompile Include="..\private\ImGui_Manager.cpp">
      <Filter>Singleton\ImGui\Manager</Filter>
    </ClCompile>
    <ClCompile Include="..\private\VIBuffer_Cube.cpp">
      <Filter>Singleton\ComponentManager\Component\VIBuffer\Cube</Filter>
    </ClCompile>
    <ClCompile Include="..\private\VIBuffer_Sphere.cpp">
      <Filter>Singleton\ComponentManager\Component\VIBuffer\Sphere</Filter>
    </ClCompile>
    <ClCompile Include="..\private\PipeLine.cpp">
      <Filter>PipeLine</Filter>
    </ClCompile>
    <ClCompile Include="..\Private\Transform.cpp">
      <Filter>Singleton\ComponentManager\Component\Transform</Filter>
    </ClCompile>
    <ClCompile Include="..\private\Camera.cpp">
      <Filter>Camera</Filter>
    </ClCompile>
    <ClCompile Include="..\private\GameUtils.cpp">
      <Filter>Util</Filter>
    </ClCompile>
    <ClCompile Include="..\private\ImGuiObject.cpp">
      <Filter>Singleton\ImGui\ImGuiObj</Filter>
    </ClCompile>
    <ClCompile Include="..\private\ImGui_PropertyEditor.cpp">
      <Filter>Singleton\ImGui\ImGuiObj</Filter>
    </ClCompile>
    <ClCompile Include="..\Public\ImGui\GraphEditor.cpp">
      <Filter>Singleton\ImGui\ImGui</Filter>
    </ClCompile>
    <ClCompile Include="..\Public\ImGui\ImCurveEdit.cpp">
      <Filter>Singleton\ImGui\ImGui</Filter>
    </ClCompile>
    <ClCompile Include="..\Public\ImGui\ImGradient.cpp">
      <Filter>Singleton\ImGui\ImGui</Filter>
    </ClCompile>
    <ClCompile Include="..\Public\ImGui\imgui.cpp">
      <Filter>Singleton\ImGui\ImGui</Filter>
    </ClCompile>
    <ClCompile Include="..\Public\ImGui\imgui_demo.cpp">
      <Filter>Singleton\ImGui\ImGui</Filter>
    </ClCompile>
    <ClCompile Include="..\Public\ImGui\imgui_draw.cpp">
      <Filter>Singleton\ImGui\ImGui</Filter>
    </ClCompile>
    <ClCompile Include="..\Public\ImGui\imgui_impl_dx11.cpp">
      <Filter>Singleton\ImGui\ImGui</Filter>
    </ClCompile>
    <ClCompile Include="..\Public\ImGui\imgui_impl_win32.cpp">
      <Filter>Singleton\ImGui\ImGui</Filter>
    </ClCompile>
    <ClCompile Include="..\Public\ImGui\imgui_tables.cpp">
      <Filter>Singleton\ImGui\ImGui</Filter>
    </ClCompile>
    <ClCompile Include="..\Public\ImGui\imgui_widgets.cpp">
      <Filter>Singleton\ImGui\ImGui</Filter>
    </ClCompile>
    <ClCompile Include="..\Public\ImGui\ImGuiFileDialog.cpp">
      <Filter>Singleton\ImGui\ImGui</Filter>
    </ClCompile>
    <ClCompile Include="..\Public\ImGui\ImGuizmo.cpp">
      <Filter>Singleton\ImGui\ImGui</Filter>
    </ClCompile>
    <ClCompile Include="..\Public\ImGui\ImSequencer.cpp">
      <Filter>Singleton\ImGui\ImGui</Filter>
    </ClCompile>
    <ClCompile Include="..\private\MathUtils.cpp">
      <Filter>Util</Filter>
    </ClCompile>
    <ClCompile Include="..\private\Texture.cpp">
      <Filter>Singleton\ComponentManager\Component\Texture</Filter>
    </ClCompile>
    <ClCompile Include="..\private\VIBuffer_Terrain.cpp">
      <Filter>Singleton\ComponentManager\Component\VIBuffer\Terrain</Filter>
    </ClCompile>
    <ClCompile Include="..\private\RigidBody.cpp">
      <Filter>Singleton\ComponentManager\Component\RigidBody</Filter>
    </ClCompile>
    <ClCompile Include="..\private\Timer.cpp">
      <Filter>Singleton\Timer</Filter>
    </ClCompile>
    <ClCompile Include="..\private\CustomFont.cpp">
      <Filter>Singleton\Font</Filter>
    </ClCompile>
    <ClCompile Include="..\private\Timer_Manager.cpp">
      <Filter>Singleton\Timer\TimerManager</Filter>
    </ClCompile>
    <ClCompile Include="..\private\Font_Manager.cpp">
      <Filter>Singleton\Font\FonatManager</Filter>
    </ClCompile>
    <ClCompile Include="..\private\VIBuffer_Cylinder.cpp">
      <Filter>Singleton\ComponentManager\Component\VIBuffer\Cylinder</Filter>
    </ClCompile>
    <ClCompile Include="..\Private\Light.cpp">
      <Filter>Singleton\Light</Filter>
    </ClCompile>
    <ClCompile Include="..\Private\Light_Manager.cpp">
      <Filter>Singleton\Light\Manager</Filter>
    </ClCompile>
    <ClCompile Include="..\private\FSMComponent.cpp">
      <Filter>Singleton\ComponentManager\Component\FSM</Filter>
    </ClCompile>
    <ClCompile Include="..\private\Model.cpp">
      <Filter>Singleton\ComponentManager\Component\Model</Filter>
    </ClCompile>
    <ClCompile Include="..\private\Mesh.cpp">
      <Filter>Singleton\ComponentManager\Component\Model\Mesh</Filter>
    </ClCompile>
    <ClCompile Include="..\private\Bone.cpp">
      <Filter>Singleton\ComponentManager\Component\Model\Bone</Filter>
    </ClCompile>
    <ClCompile Include="..\private\Animation.cpp">
      <Filter>Singleton\ComponentManager\Component\Model\Animation</Filter>
    </ClCompile>
    <ClCompile Include="..\private\ImGui_ProtoEditor.cpp">
      <Filter>Singleton\ImGui\ImGuiObj</Filter>
    </ClCompile>
    <ClCompile Include="..\private\Channel.cpp">
      <Filter>Singleton\ComponentManager\Component\Model\Channel</Filter>
    </ClCompile>
    <ClCompile Include="..\private\Collider.cpp">
      <Filter>Singleton\ComponentManager\Component\Collision</Filter>
    </ClCompile>
    <ClCompile Include="..\Private\DebugDraw.cpp">
      <Filter>Singleton\ComponentManager\Component\Collision</Filter>
    </ClCompile>
  </ItemGroup>
  <ItemGroup>
    <None Include="..\Public\DirectXTK\SimpleMath.inl">
      <Filter>Util</Filter>
    </None>
  </ItemGroup>
</Project>