<?xml version="1.0" encoding="utf-8"?>
<Project ToolsVersion="4.0" xmlns="http://schemas.microsoft.com/developer/msbuild/2003">
  <ItemGroup>
    <Filter Include="Default">
      <UniqueIdentifier>{9f94acda-e85a-41d7-bf59-4730d651aec7}</UniqueIdentifier>
    </Filter>
    <Filter Include="MainApp">
      <UniqueIdentifier>{e5a51233-7c60-40cc-bf47-7ea256f97668}</UniqueIdentifier>
    </Filter>
    <Filter Include="Define">
      <UniqueIdentifier>{0cb91991-7f6f-4d5d-a68a-fabdbdb5d654}</UniqueIdentifier>
    </Filter>
    <Filter Include="Text">
      <UniqueIdentifier>{f0d4bcb3-1d50-4ba3-b998-46cb5e9539a4}</UniqueIdentifier>
    </Filter>
    <Filter Include="LevelDesign">
      <UniqueIdentifier>{16a7b9a1-9f77-4d11-a4e9-8c14c419441d}</UniqueIdentifier>
    </Filter>
    <Filter Include="LevelDesign\Loading">
      <UniqueIdentifier>{36f487e8-2a47-4062-b956-a5af0917c2ee}</UniqueIdentifier>
    </Filter>
    <Filter Include="LevelDesign\Loading\Loader">
      <UniqueIdentifier>{5cba3b15-3f4b-4bf7-96d7-bb8bfc5c1af8}</UniqueIdentifier>
    </Filter>
    <Filter Include="LevelDesign\Logo">
      <UniqueIdentifier>{7e7cf417-d7a5-4779-8bcd-28a667d65922}</UniqueIdentifier>
    </Filter>
    <Filter Include="LevelDesign\Chapter">
      <UniqueIdentifier>{c3da6fa7-58a3-456a-9c99-3f1431c82065}</UniqueIdentifier>
    </Filter>
    <Filter Include="LevelDesign\Chapter\1">
      <UniqueIdentifier>{1bfdec82-f761-4a93-a110-940ba6625170}</UniqueIdentifier>
    </Filter>
    <Filter Include="LevelDesign\Chapter\2">
      <UniqueIdentifier>{241973b6-1816-4247-bf26-2629b313e226}</UniqueIdentifier>
    </Filter>
    <Filter Include="GameObject">
      <UniqueIdentifier>{344ffd3f-2b0c-44a3-913a-de00aa5b643d}</UniqueIdentifier>
    </Filter>
    <Filter Include="ShaderFile">
      <UniqueIdentifier>{0078ebc8-5e4c-4207-a41a-6918e5bbce98}</UniqueIdentifier>
    </Filter>
    <Filter Include="GameObject\Figure">
      <UniqueIdentifier>{0d65759b-800a-4b0d-b33f-f87be0aae6dd}</UniqueIdentifier>
    </Filter>
    <Filter Include="GameObject\Terrain">
      <UniqueIdentifier>{0fb4cd8b-cccf-4f72-813a-3a9a35fdc179}</UniqueIdentifier>
    </Filter>
    <Filter Include="GameObject\Ocean">
      <UniqueIdentifier>{7b35a4c7-8787-4734-b6ff-db672eac71eb}</UniqueIdentifier>
    </Filter>
    <Filter Include="GameObject\Logo">
      <UniqueIdentifier>{96c148c2-dac5-42f3-837f-10a42938b44e}</UniqueIdentifier>
    </Filter>
    <Filter Include="GameObject\Logo\BackGround">
      <UniqueIdentifier>{54c18a98-7a08-4db7-b510-3e03a0b6fd2b}</UniqueIdentifier>
    </Filter>
    <Filter Include="GameObject\Logo\UI">
      <UniqueIdentifier>{7f40a0df-666f-40f7-8596-f7e2d97fea0a}</UniqueIdentifier>
    </Filter>
    <Filter Include="GameObject\Player">
      <UniqueIdentifier>{580ff846-3bbe-4588-85fc-b8794049ae36}</UniqueIdentifier>
    </Filter>
    <Filter Include="LevelDesign\Tool">
      <UniqueIdentifier>{14b5ae69-1ee8-4fc5-a490-585f1be62ebb}</UniqueIdentifier>
    </Filter>
    <Filter Include="LevelDesign\Loading\UI">
      <UniqueIdentifier>{f0a32ee3-0aa4-44bd-a48b-a928ac3f3f60}</UniqueIdentifier>
    </Filter>
    <Filter Include="GameObject\Env">
      <UniqueIdentifier>{8ef51747-abb6-4e3c-a06b-7456d4a9005c}</UniqueIdentifier>
    </Filter>
    <Filter Include="GameObject\Monster">
      <UniqueIdentifier>{3adb26ef-14c6-4969-afec-e6ec33f95f66}</UniqueIdentifier>
    </Filter>
    <Filter Include="GameObject\Camera">
      <UniqueIdentifier>{fe4fd288-734f-4c76-98ae-17eebd94d246}</UniqueIdentifier>
    </Filter>
    <Filter Include="GameObject\Sky">
      <UniqueIdentifier>{6804ed23-76de-47f8-8f9e-a7e473777f6b}</UniqueIdentifier>
    </Filter>
    <Filter Include="GameObject\Effect">
      <UniqueIdentifier>{d3fe6a3a-b62a-47a3-a1b2-7fb7ffa0f876}</UniqueIdentifier>
    </Filter>
    <Filter Include="GameObject\Monster\Demon">
      <UniqueIdentifier>{3d011677-53a1-473d-85cf-be6b88c4ca17}</UniqueIdentifier>
    </Filter>
    <Filter Include="GameObject\Player\Parts">
      <UniqueIdentifier>{9c125740-ae65-4e50-9408-932b661a13cf}</UniqueIdentifier>
    </Filter>
    <Filter Include="GameObject\Player\Parts\Shoulder">
      <UniqueIdentifier>{baa6e886-686b-4072-b5e2-4835871be9a4}</UniqueIdentifier>
    </Filter>
    <Filter Include="GameObject\Player\Parts\Upper">
      <UniqueIdentifier>{55d3ae10-8403-4de5-b172-5fc9b46ded02}</UniqueIdentifier>
    </Filter>
    <Filter Include="GameObject\Player\Parts\Lower">
      <UniqueIdentifier>{2c02864e-f1e2-4cf4-b4ad-f93b899b0517}</UniqueIdentifier>
    </Filter>
    <Filter Include="GameObject\Player\Parts\Glove">
      <UniqueIdentifier>{913da08b-361b-45ed-8203-5844ac0cca28}</UniqueIdentifier>
    </Filter>
    <Filter Include="GameObject\Player\Parts\Weapon">
      <UniqueIdentifier>{8b3ce01a-7eba-41bc-b524-71711ee5f671}</UniqueIdentifier>
    </Filter>
    <Filter Include="GameObject\Player\Parts\Boots">
      <UniqueIdentifier>{10e9a13e-f1c6-43f3-a70f-341e27b811aa}</UniqueIdentifier>
    </Filter>
    <Filter Include="GameObject\Player\Parts\Belt">
      <UniqueIdentifier>{020c6003-7834-475e-93d8-963181317f06}</UniqueIdentifier>
    </Filter>
    <Filter Include="GameObject\Player\Parts\Helmet">
      <UniqueIdentifier>{654188f5-d93e-483e-925c-0a47d3f6ba2c}</UniqueIdentifier>
    </Filter>
    <Filter Include="GameObject\Monster\SkeletonWarrior">
      <UniqueIdentifier>{881e9a5e-02c4-4a3f-9cdd-62dfdc608e8e}</UniqueIdentifier>
    </Filter>
    <Filter Include="GameObject\Env\Map">
      <UniqueIdentifier>{e0ffa2f9-d816-4395-b2ff-34cd4b820b79}</UniqueIdentifier>
    </Filter>
    <Filter Include="GameObject\Env\Prop">
      <UniqueIdentifier>{9e4f50f0-ed88-4249-a3c1-135b62f5d001}</UniqueIdentifier>
    </Filter>
  </ItemGroup>
  <ItemGroup>
    <ClInclude Include="..\Public\MainApp.h">
      <Filter>MainApp</Filter>
    </ClInclude>
    <ClInclude Include="..\Public\Client_Define.h">
      <Filter>Define</Filter>
    </ClInclude>
    <ClInclude Include="..\Public\Level_Logo.h">
      <Filter>LevelDesign\Logo</Filter>
    </ClInclude>
    <ClInclude Include="..\Public\Level_Loading.h">
      <Filter>LevelDesign\Loading</Filter>
    </ClInclude>
    <ClInclude Include="..\Public\Loader.h">
      <Filter>LevelDesign\Loading\Loader</Filter>
    </ClInclude>
    <ClInclude Include="..\Public\Level_ChapOne.h">
      <Filter>LevelDesign\Chapter\1</Filter>
    </ClInclude>
    <ClInclude Include="..\Public\Level_ChapTwo.h">
      <Filter>LevelDesign\Chapter\2</Filter>
    </ClInclude>
    <ClInclude Include="..\Public\BackGround.h">
      <Filter>GameObject\Logo\BackGround</Filter>
    </ClInclude>
    <ClInclude Include="..\public\TestSphere.h">
      <Filter>GameObject\Figure</Filter>
    </ClInclude>
    <ClInclude Include="..\public\TestCube.h">
      <Filter>GameObject\Figure</Filter>
    </ClInclude>
    <ClInclude Include="targetver.h">
      <Filter>Default</Filter>
    </ClInclude>
    <ClInclude Include="Client.h">
      <Filter>Default</Filter>
    </ClInclude>
    <ClInclude Include="Resource.h">
      <Filter>Default</Filter>
    </ClInclude>
    <ClInclude Include="stdafx.h">
      <Filter>Default</Filter>
    </ClInclude>
    <ClInclude Include="..\public\Terrain.h">
      <Filter>GameObject\Terrain</Filter>
    </ClInclude>
    <ClInclude Include="..\public\Ocean.h">
      <Filter>GameObject\Ocean</Filter>
    </ClInclude>
    <ClInclude Include="..\public\TestCylinder.h">
      <Filter>GameObject\Figure</Filter>
    </ClInclude>
    <ClInclude Include="..\public\Level_Tool.h">
      <Filter>LevelDesign\Tool</Filter>
    </ClInclude>
    <ClInclude Include="..\public\EmptyGameObject.h" />
    <ClInclude Include="..\public\Player.h">
      <Filter>GameObject\Player</Filter>
    </ClInclude>
    <ClInclude Include="..\public\Weapon.h">
      <Filter>GameObject\Player\Parts\Weapon</Filter>
    </ClInclude>
    <ClInclude Include="..\Public\ForkLift.h">
      <Filter>GameObject\Env</Filter>
    </ClInclude>
    <ClInclude Include="..\public\Monster.h">
      <Filter>GameObject\Monster</Filter>
    </ClInclude>
    <ClInclude Include="..\public\LoadingBackGround.h">
      <Filter>LevelDesign\Loading\UI</Filter>
    </ClInclude>
    <ClInclude Include="..\public\Camera_Dynamic.h">
      <Filter>GameObject\Camera</Filter>
    </ClInclude>
    <ClInclude Include="..\public\PlayerCamera.h">
      <Filter>GameObject\Camera</Filter>
    </ClInclude>
    <ClInclude Include="..\Bin\ShaderFiles\Shader_Define.h">
      <Filter>ShaderFile</Filter>
    </ClInclude>
    <ClInclude Include="..\public\Sky.h">
      <Filter>GameObject\Sky</Filter>
    </ClInclude>
    <ClInclude Include="..\public\Effect_Rect.h">
      <Filter>GameObject\Effect</Filter>
    </ClInclude>
    <ClInclude Include="..\public\Effect_Point.h">
      <Filter>GameObject\Effect</Filter>
    </ClInclude>
    <ClInclude Include="..\public\Glove.h">
      <Filter>GameObject\Player\Parts\Glove</Filter>
    </ClInclude>
    <ClInclude Include="..\public\Lower.h">
      <Filter>GameObject\Player\Parts\Lower</Filter>
    </ClInclude>
    <ClInclude Include="..\public\Shoulder.h">
      <Filter>GameObject\Player\Parts\Shoulder</Filter>
    </ClInclude>
    <ClInclude Include="..\public\Upper.h">
      <Filter>GameObject\Player\Parts\Upper</Filter>
    </ClInclude>
    <ClInclude Include="..\public\Parts.h">
      <Filter>GameObject\Player\Parts</Filter>
    </ClInclude>
    <ClInclude Include="..\public\Boots.h">
      <Filter>GameObject\Player\Parts\Boots</Filter>
    </ClInclude>
    <ClInclude Include="..\public\Belt.h">
      <Filter>GameObject\Player\Parts\Belt</Filter>
    </ClInclude>
    <ClInclude Include="..\public\Helmet.h">
      <Filter>GameObject\Player\Parts\Helmet</Filter>
    </ClInclude>
    <ClInclude Include="..\public\Demon.h">
      <Filter>GameObject\Monster\Demon</Filter>
    </ClInclude>
    <ClInclude Include="..\public\SkeletonWarrior.h">
      <Filter>GameObject\Monster\SkeletonWarrior</Filter>
    </ClInclude>
    <ClInclude Include="..\public\Anor.h">
      <Filter>GameObject\Env\Map</Filter>
    </ClInclude>
    <ClInclude Include="..\public\TownA.h">
      <Filter>GameObject\Env\Map</Filter>
    </ClInclude>
    <ClInclude Include="..\public\BridgeCastle.h">
      <Filter>GameObject\Env\Map</Filter>
    </ClInclude>
    <ClInclude Include="..\public\Medieval_City.h">
      <Filter>GameObject\Env\Map</Filter>
    </ClInclude>
    <ClInclude Include="..\public\Stair.h" />
  </ItemGroup>
  <ItemGroup>
    <ClCompile Include="..\Private\MainApp.cpp">
      <Filter>MainApp</Filter>
    </ClCompile>
    <ClCompile Include="..\Private\Level_Logo.cpp">
      <Filter>LevelDesign\Logo</Filter>
    </ClCompile>
    <ClCompile Include="..\Private\Level_Loading.cpp">
      <Filter>LevelDesign\Loading</Filter>
    </ClCompile>
    <ClCompile Include="..\Private\Loader.cpp">
      <Filter>LevelDesign\Loading\Loader</Filter>
    </ClCompile>
    <ClCompile Include="..\Private\Level_ChapOne.cpp">
      <Filter>LevelDesign\Chapter\1</Filter>
    </ClCompile>
    <ClCompile Include="..\Private\Level_ChapTwo.cpp">
      <Filter>LevelDesign\Chapter\2</Filter>
    </ClCompile>
    <ClCompile Include="..\Private\BackGround.cpp">
      <Filter>GameObject\Logo\BackGround</Filter>
    </ClCompile>
    <ClCompile Include="..\private\TestSphere.cpp">
      <Filter>GameObject\Figure</Filter>
    </ClCompile>
    <ClCompile Include="..\private\TestCube.cpp">
      <Filter>GameObject\Figure</Filter>
    </ClCompile>
    <ClCompile Include="Client.cpp">
      <Filter>Default</Filter>
    </ClCompile>
    <ClCompile Include="stdafx.cpp">
      <Filter>Default</Filter>
    </ClCompile>
    <ClCompile Include="..\private\Ocean.cpp">
      <Filter>GameObject\Ocean</Filter>
    </ClCompile>
    <ClCompile Include="..\private\TestCylinder.cpp">
      <Filter>GameObject\Figure</Filter>
    </ClCompile>
    <ClCompile Include="..\private\Level_Tool.cpp">
      <Filter>LevelDesign\Tool</Filter>
    </ClCompile>
    <ClCompile Include="..\private\Terrain.cpp">
      <Filter>GameObject\Terrain</Filter>
    </ClCompile>
    <ClCompile Include="..\private\EmptyGameObject.cpp" />
    <ClCompile Include="..\private\Player.cpp">
      <Filter>GameObject\Player</Filter>
    </ClCompile>
    <ClCompile Include="..\private\Weapon.cpp">
      <Filter>GameObject\Player\Parts\Weapon</Filter>
    </ClCompile>
    <ClCompile Include="..\Private\ForkLift.cpp">
      <Filter>GameObject\Env</Filter>
    </ClCompile>
    <ClCompile Include="..\private\Monster.cpp">
      <Filter>GameObject\Monster</Filter>
    </ClCompile>
    <ClCompile Include="..\private\LoadingBackGround.cpp">
      <Filter>LevelDesign\Loading\UI</Filter>
    </ClCompile>
    <ClCompile Include="..\private\Camera_Dynamic.cpp">
      <Filter>GameObject\Camera</Filter>
    </ClCompile>
    <ClCompile Include="..\private\PlayerCamera.cpp">
      <Filter>GameObject\Camera</Filter>
    </ClCompile>
    <ClCompile Include="..\private\Sky.cpp">
      <Filter>GameObject\Sky</Filter>
    </ClCompile>
    <ClCompile Include="..\private\Effect_Rect.cpp">
      <Filter>GameObject\Effect</Filter>
    </ClCompile>
    <ClCompile Include="..\private\Effect_Point.cpp">
      <Filter>GameObject\Effect</Filter>
    </ClCompile>
    <ClCompile Include="..\private\Glove.cpp">
      <Filter>GameObject\Player\Parts\Glove</Filter>
    </ClCompile>
    <ClCompile Include="..\private\Lower.cpp">
      <Filter>GameObject\Player\Parts\Lower</Filter>
    </ClCompile>
    <ClCompile Include="..\private\Shoulder.cpp">
      <Filter>GameObject\Player\Parts\Shoulder</Filter>
    </ClCompile>
    <ClCompile Include="..\private\Upper.cpp">
      <Filter>GameObject\Player\Parts\Upper</Filter>
    </ClCompile>
    <ClCompile Include="..\private\Parts.cpp">
      <Filter>GameObject\Player\Parts</Filter>
    </ClCompile>
    <ClCompile Include="..\private\Boots.cpp">
      <Filter>GameObject\Player\Parts\Boots</Filter>
    </ClCompile>
    <ClCompile Include="..\private\Belt.cpp">
      <Filter>GameObject\Player\Parts\Belt</Filter>
    </ClCompile>
    <ClCompile Include="..\private\Helmet.cpp">
      <Filter>GameObject\Player\Parts\Helmet</Filter>
    </ClCompile>
    <ClCompile Include="..\private\Demon.cpp">
      <Filter>GameObject\Monster\Demon</Filter>
    </ClCompile>
    <ClCompile Include="..\private\SkeletonWarrior.cpp">
      <Filter>GameObject\Monster\SkeletonWarrior</Filter>
    </ClCompile>
    <ClCompile Include="..\private\Anor.cpp">
      <Filter>GameObject\Env\Map</Filter>
    </ClCompile>
    <ClCompile Include="..\private\TownA.cpp">
      <Filter>GameObject\Env\Map</Filter>
    </ClCompile>
    <ClCompile Include="..\private\BridgeCastle.cpp">
      <Filter>GameObject\Env\Map</Filter>
    </ClCompile>
    <ClCompile Include="..\private\Medieval_City.cpp">
      <Filter>GameObject\Env\Map</Filter>
    </ClCompile>
    <ClCompile Include="..\private\Stair.cpp" />
  </ItemGroup>
  <ItemGroup>
    <Image Include="Client.ico">
      <Filter>Default</Filter>
    </Image>
    <Image Include="small.ico">
      <Filter>Default</Filter>
    </Image>
  </ItemGroup>
  <ItemGroup>
    <Text Include="Learn.txt">
      <Filter>Text</Filter>
    </Text>
    <Text Include="ReadMe.txt">
      <Filter>Text</Filter>
    </Text>
    <Text Include="Study.txt">
      <Filter>Text</Filter>
    </Text>
    <Text Include="ToDoList.txt">
      <Filter>Text</Filter>
    </Text>
  </ItemGroup>
  <ItemGroup>
    <ResourceCompile Include="Client.rc">
      <Filter>Default</Filter>
    </ResourceCompile>
  </ItemGroup>
  <ItemGroup>
    <FxCompile Include="..\Bin\ShaderFiles\Shader_VtxTex.hlsl">
      <Filter>ShaderFile</Filter>
    </FxCompile>
    <FxCompile Include="..\Bin\ShaderFiles\Shader_VtxNorTex.hlsl">
      <Filter>ShaderFile</Filter>
    </FxCompile>
    <FxCompile Include="..\Bin\ShaderFiles\Shader_VtxModel.hlsl">
      <Filter>ShaderFile</Filter>
    </FxCompile>
    <FxCompile Include="..\Bin\ShaderFiles\Shader_VtxAnimModel.hlsl">
      <Filter>ShaderFile</Filter>
    </FxCompile>
    <FxCompile Include="..\Bin\ShaderFiles\Shader_VtxCubeTex.hlsl">
      <Filter>ShaderFile</Filter>
    </FxCompile>
    <FxCompile Include="..\Bin\ShaderFiles\Shader_VtxRectInstancing.hlsl">
      <Filter>ShaderFile</Filter>
    </FxCompile>
    <FxCompile Include="..\Bin\ShaderFiles\Shader_VtxPointInstancing.hlsl">
      <Filter>ShaderFile</Filter>
    </FxCompile>
  </ItemGroup>
</Project>