<?xml version="1.0" encoding="utf-8"?>
<Project ToolsVersion="4.0" xmlns="http://schemas.microsoft.com/developer/msbuild/2003">
  <ItemGroup>
    <Filter Include="Default">
      <UniqueIdentifier>{9f94acda-e85a-41d7-bf59-4730d651aec7}</UniqueIdentifier>
    </Filter>
    <Filter Include="MainApp">
      <UniqueIdentifier>{e5a51233-7c60-40cc-bf47-7ea256f97668}</UniqueIdentifier>
    </Filter>
    <Filter Include="Define">
      <UniqueIdentifier>{0cb91991-7f6f-4d5d-a68a-fabdbdb5d654}</UniqueIdentifier>
    </Filter>
    <Filter Include="Text">
      <UniqueIdentifier>{f0d4bcb3-1d50-4ba3-b998-46cb5e9539a4}</UniqueIdentifier>
    </Filter>
    <Filter Include="LevelDesign">
      <UniqueIdentifier>{16a7b9a1-9f77-4d11-a4e9-8c14c419441d}</UniqueIdentifier>
    </Filter>
    <Filter Include="LevelDesign\Loading">
      <UniqueIdentifier>{36f487e8-2a47-4062-b956-a5af0917c2ee}</UniqueIdentifier>
    </Filter>
    <Filter Include="LevelDesign\Loading\Loader">
      <UniqueIdentifier>{5cba3b15-3f4b-4bf7-96d7-bb8bfc5c1af8}</UniqueIdentifier>
    </Filter>
    <Filter Include="LevelDesign\Logo">
      <UniqueIdentifier>{7e7cf417-d7a5-4779-8bcd-28a667d65922}</UniqueIdentifier>
    </Filter>
    <Filter Include="LevelDesign\Chapter">
      <UniqueIdentifier>{c3da6fa7-58a3-456a-9c99-3f1431c82065}</UniqueIdentifier>
    </Filter>
    <Filter Include="LevelDesign\Chapter\1">
      <UniqueIdentifier>{1bfdec82-f761-4a93-a110-940ba6625170}</UniqueIdentifier>
    </Filter>
    <Filter Include="LevelDesign\Chapter\2">
      <UniqueIdentifier>{241973b6-1816-4247-bf26-2629b313e226}</UniqueIdentifier>
    </Filter>
    <Filter Include="GameObject">
      <UniqueIdentifier>{344ffd3f-2b0c-44a3-913a-de00aa5b643d}</UniqueIdentifier>
    </Filter>
    <Filter Include="ShaderFile">
      <UniqueIdentifier>{0078ebc8-5e4c-4207-a41a-6918e5bbce98}</UniqueIdentifier>
    </Filter>
    <Filter Include="GameObject\Figure">
      <UniqueIdentifier>{0d65759b-800a-4b0d-b33f-f87be0aae6dd}</UniqueIdentifier>
    </Filter>
    <Filter Include="GameObject\Terrain">
      <UniqueIdentifier>{0fb4cd8b-cccf-4f72-813a-3a9a35fdc179}</UniqueIdentifier>
    </Filter>
    <Filter Include="GameObject\Ocean">
      <UniqueIdentifier>{7b35a4c7-8787-4734-b6ff-db672eac71eb}</UniqueIdentifier>
    </Filter>
    <Filter Include="GameObject\Logo">
      <UniqueIdentifier>{96c148c2-dac5-42f3-837f-10a42938b44e}</UniqueIdentifier>
    </Filter>
    <Filter Include="GameObject\Logo\BackGround">
      <UniqueIdentifier>{54c18a98-7a08-4db7-b510-3e03a0b6fd2b}</UniqueIdentifier>
    </Filter>
    <Filter Include="GameObject\Logo\UI">
      <UniqueIdentifier>{7f40a0df-666f-40f7-8596-f7e2d97fea0a}</UniqueIdentifier>
    </Filter>
    <Filter Include="GameObject\Player">
      <UniqueIdentifier>{580ff846-3bbe-4588-85fc-b8794049ae36}</UniqueIdentifier>
    </Filter>
    <Filter Include="GameObject\Player\UI">
      <UniqueIdentifier>{f7143dbc-b708-47ac-b010-bc1486d9f5a7}</UniqueIdentifier>
    </Filter>
    <Filter Include="GameObject\Player\UI\SKILL">
      <UniqueIdentifier>{beb19723-d787-4e0a-93dd-c8ea6ee3d302}</UniqueIdentifier>
    </Filter>
    <Filter Include="LevelDesign\Tool">
      <UniqueIdentifier>{14b5ae69-1ee8-4fc5-a490-585f1be62ebb}</UniqueIdentifier>
    </Filter>
    <Filter Include="GameObject\DragonStatue">
      <UniqueIdentifier>{818c5f4a-8819-4e59-80d8-9b7e9419e68e}</UniqueIdentifier>
    </Filter>
    <Filter Include="LevelDesign\Loading\UI">
      <UniqueIdentifier>{f0a32ee3-0aa4-44bd-a48b-a928ac3f3f60}</UniqueIdentifier>
    </Filter>
    <Filter Include="GameObject\Forest">
      <UniqueIdentifier>{d687601e-67d7-4a34-b9bf-f08df456cf8d}</UniqueIdentifier>
    </Filter>
    <Filter Include="GameObject\Forest\Grass">
      <UniqueIdentifier>{7f79373c-42ad-41ce-82b5-c47e61f83378}</UniqueIdentifier>
    </Filter>
    <Filter Include="GameObject\Art">
      <UniqueIdentifier>{9f49ccc7-2393-4687-8a1f-8dc22e71661a}</UniqueIdentifier>
    </Filter>
    <Filter Include="GameObject\Art\GuFeng">
      <UniqueIdentifier>{03cb71e5-919d-4522-ae21-b39d3ab9a74d}</UniqueIdentifier>
    </Filter>
    <Filter Include="GameObject\Art\GuFeng\Arch">
      <UniqueIdentifier>{9f6ca1a9-e42e-4429-9ec0-281144888c18}</UniqueIdentifier>
    </Filter>
  </ItemGroup>
  <ItemGroup>
    <ClInclude Include="..\Public\MainApp.h">
      <Filter>MainApp</Filter>
    </ClInclude>
    <ClInclude Include="..\Public\Client_Define.h">
      <Filter>Define</Filter>
    </ClInclude>
    <ClInclude Include="..\Public\Level_Logo.h">
      <Filter>LevelDesign\Logo</Filter>
    </ClInclude>
    <ClInclude Include="..\Public\Level_Loading.h">
      <Filter>LevelDesign\Loading</Filter>
    </ClInclude>
    <ClInclude Include="..\Public\Loader.h">
      <Filter>LevelDesign\Loading\Loader</Filter>
    </ClInclude>
    <ClInclude Include="..\Public\Level_ChapOne.h">
      <Filter>LevelDesign\Chapter\1</Filter>
    </ClInclude>
    <ClInclude Include="..\Public\Level_ChapTwo.h">
      <Filter>LevelDesign\Chapter\2</Filter>
    </ClInclude>
    <ClInclude Include="..\Public\BackGround.h">
      <Filter>GameObject\Logo\BackGround</Filter>
    </ClInclude>
    <ClInclude Include="..\public\TestSphere.h">
      <Filter>GameObject\Figure</Filter>
    </ClInclude>
    <ClInclude Include="..\public\TestCube.h">
      <Filter>GameObject\Figure</Filter>
    </ClInclude>
    <ClInclude Include="..\public\Camera_Dynamic.h">
      <Filter>GameObject</Filter>
    </ClInclude>
    <ClInclude Include="targetver.h">
      <Filter>Default</Filter>
    </ClInclude>
    <ClInclude Include="Client.h">
      <Filter>Default</Filter>
    </ClInclude>
    <ClInclude Include="Resource.h">
      <Filter>Default</Filter>
    </ClInclude>
    <ClInclude Include="stdafx.h">
      <Filter>Default</Filter>
    </ClInclude>
    <ClInclude Include="..\public\Terrain.h">
      <Filter>GameObject\Terrain</Filter>
    </ClInclude>
    <ClInclude Include="..\Bin\ShaderFiles\Shader_Define.hpp">
      <Filter>ShaderFile</Filter>
    </ClInclude>
    <ClInclude Include="..\public\Ocean.h">
      <Filter>GameObject\Ocean</Filter>
    </ClInclude>
    <ClInclude Include="..\public\Enter_KeyUI.h">
      <Filter>GameObject\Logo\UI</Filter>
    </ClInclude>
    <ClInclude Include="..\public\TestCylinder.h">
      <Filter>GameObject\Figure</Filter>
    </ClInclude>
    <ClInclude Include="..\public\Level_Tool.h">
      <Filter>LevelDesign\Tool</Filter>
    </ClInclude>
    <ClInclude Include="..\public\Sheila.h">
      <Filter>GameObject\Player</Filter>
    </ClInclude>
    <ClInclude Include="..\public\DragonStatue_1.h">
      <Filter>GameObject\DragonStatue</Filter>
    </ClInclude>
    <ClInclude Include="..\public\DragonStatue_4.h">
      <Filter>GameObject\DragonStatue</Filter>
    </ClInclude>
    <ClInclude Include="..\public\LoadingHourglass.h">
      <Filter>LevelDesign\Loading\UI</Filter>
    </ClInclude>
    <ClInclude Include="..\public\FieldGrass_1.h">
      <Filter>GameObject\Forest\Grass</Filter>
    </ClInclude>
    <ClInclude Include="..\public\GF_Arch.h">
      <Filter>GameObject\Art\GuFeng\Arch</Filter>
    </ClInclude>
  </ItemGroup>
  <ItemGroup>
    <ClCompile Include="..\Private\MainApp.cpp">
      <Filter>MainApp</Filter>
    </ClCompile>
    <ClCompile Include="..\Private\Level_Logo.cpp">
      <Filter>LevelDesign\Logo</Filter>
    </ClCompile>
    <ClCompile Include="..\Private\Level_Loading.cpp">
      <Filter>LevelDesign\Loading</Filter>
    </ClCompile>
    <ClCompile Include="..\Private\Loader.cpp">
      <Filter>LevelDesign\Loading\Loader</Filter>
    </ClCompile>
    <ClCompile Include="..\Private\Level_ChapOne.cpp">
      <Filter>LevelDesign\Chapter\1</Filter>
    </ClCompile>
    <ClCompile Include="..\Private\Level_ChapTwo.cpp">
      <Filter>LevelDesign\Chapter\2</Filter>
    </ClCompile>
    <ClCompile Include="..\Private\BackGround.cpp">
      <Filter>GameObject\Logo\BackGround</Filter>
    </ClCompile>
    <ClCompile Include="..\private\TestSphere.cpp">
      <Filter>GameObject\Figure</Filter>
    </ClCompile>
    <ClCompile Include="..\private\TestCube.cpp">
      <Filter>GameObject\Figure</Filter>
    </ClCompile>
    <ClCompile Include="..\private\Camera_Dynamic.cpp">
      <Filter>GameObject</Filter>
    </ClCompile>
    <ClCompile Include="Client.cpp">
      <Filter>Default</Filter>
    </ClCompile>
    <ClCompile Include="stdafx.cpp">
      <Filter>Default</Filter>
    </ClCompile>
    <ClCompile Include="..\private\Ocean.cpp">
      <Filter>GameObject\Ocean</Filter>
    </ClCompile>
    <ClCompile Include="..\private\Enter_KeyUI.cpp">
      <Filter>GameObject\Logo\UI</Filter>
    </ClCompile>
    <ClCompile Include="..\private\TestCylinder.cpp">
      <Filter>GameObject\Figure</Filter>
    </ClCompile>
    <ClCompile Include="..\private\Level_Tool.cpp">
      <Filter>LevelDesign\Tool</Filter>
    </ClCompile>
    <ClCompile Include="..\private\Sheila.cpp">
      <Filter>GameObject\Player</Filter>
    </ClCompile>
    <ClCompile Include="..\private\DragonStatue_1.cpp">
      <Filter>GameObject\DragonStatue</Filter>
    </ClCompile>
    <ClCompile Include="..\private\DragonStatue_4.cpp">
      <Filter>GameObject\DragonStatue</Filter>
    </ClCompile>
    <ClCompile Include="..\private\Terrain.cpp">
      <Filter>GameObject\Terrain</Filter>
    </ClCompile>
    <ClCompile Include="..\private\LoadingHourglass.cpp">
      <Filter>LevelDesign\Loading\UI</Filter>
    </ClCompile>
    <ClCompile Include="..\private\FieldGrass_1.cpp">
      <Filter>GameObject\Forest\Grass</Filter>
    </ClCompile>
    <ClCompile Include="..\private\GF_Arch.cpp">
      <Filter>GameObject\Art\GuFeng\Arch</Filter>
    </ClCompile>
  </ItemGroup>
  <ItemGroup>
    <Image Include="Client.ico">
      <Filter>Default</Filter>
    </Image>
    <Image Include="small.ico">
      <Filter>Default</Filter>
    </Image>
  </ItemGroup>
  <ItemGroup>
    <Text Include="Learn.txt">
      <Filter>Text</Filter>
    </Text>
    <Text Include="ReadMe.txt">
      <Filter>Text</Filter>
    </Text>
    <Text Include="Study.txt">
      <Filter>Text</Filter>
    </Text>
    <Text Include="ToDoList.txt">
      <Filter>Text</Filter>
    </Text>
  </ItemGroup>
  <ItemGroup>
    <ResourceCompile Include="Client.rc">
      <Filter>Default</Filter>
    </ResourceCompile>
  </ItemGroup>
  <ItemGroup>
    <FxCompile Include="..\Bin\ShaderFiles\Shader_VtxTex.hlsl">
      <Filter>ShaderFile</Filter>
    </FxCompile>
    <FxCompile Include="..\Bin\ShaderFiles\Shader_VtxNorTex.hlsl">
      <Filter>ShaderFile</Filter>
    </FxCompile>
    <FxCompile Include="..\Bin\ShaderFiles\Shader_VtxModel.hlsl">
      <Filter>ShaderFile</Filter>
    </FxCompile>
  </ItemGroup>
</Project>